// !$*UTF8*$!
{
	archiveVersion = 1;
	classes = {
	};
	objectVersion = 46;
	objects = {

/* Begin PBXBuildFile section */
		4E14FE8217449F1A0036DDBF /* UIKit.framework in Frameworks */ = {isa = PBXBuildFile; fileRef = 4E14FE8117449F1A0036DDBF /* UIKit.framework */; };
		4E14FE8417449F1A0036DDBF /* Foundation.framework in Frameworks */ = {isa = PBXBuildFile; fileRef = 4E14FE8317449F1A0036DDBF /* Foundation.framework */; };
		4E14FE8617449F1A0036DDBF /* CoreGraphics.framework in Frameworks */ = {isa = PBXBuildFile; fileRef = 4E14FE8517449F1A0036DDBF /* CoreGraphics.framework */; };
		4E14FE8C17449F1A0036DDBF /* InfoPlist.strings in Resources */ = {isa = PBXBuildFile; fileRef = 4E14FE8A17449F1A0036DDBF /* InfoPlist.strings */; };
		4E14FE8E17449F1A0036DDBF /* main.m in Sources */ = {isa = PBXBuildFile; fileRef = 4E14FE8D17449F1A0036DDBF /* main.m */; };
		4E14FE9217449F1A0036DDBF /* HealtyMamaAppDelegate.m in Sources */ = {isa = PBXBuildFile; fileRef = 4E14FE9117449F1A0036DDBF /* HealtyMamaAppDelegate.m */; };
		4E14FE9417449F1A0036DDBF /* Default.png in Resources */ = {isa = PBXBuildFile; fileRef = 4E14FE9317449F1A0036DDBF /* Default.png */; };
		4E14FE9617449F1A0036DDBF /* Default@2x.png in Resources */ = {isa = PBXBuildFile; fileRef = 4E14FE9517449F1A0036DDBF /* Default@2x.png */; };
		4E14FE9817449F1A0036DDBF /* Default-568h@2x.png in Resources */ = {isa = PBXBuildFile; fileRef = 4E14FE9717449F1A0036DDBF /* Default-568h@2x.png */; };
		4E14FE9B17449F1A0036DDBF /* MainStoryboard_iPhone.storyboard in Resources */ = {isa = PBXBuildFile; fileRef = 4E14FE9917449F1A0036DDBF /* MainStoryboard_iPhone.storyboard */; };
		4E14FE9E17449F1A0036DDBF /* MainStoryboard_iPad.storyboard in Resources */ = {isa = PBXBuildFile; fileRef = 4E14FE9C17449F1A0036DDBF /* MainStoryboard_iPad.storyboard */; };
		4E14FEA117449F1A0036DDBF /* HealtyMamaFirstViewController.m in Sources */ = {isa = PBXBuildFile; fileRef = 4E14FEA017449F1A0036DDBF /* HealtyMamaFirstViewController.m */; };
		4E14FEA317449F1A0036DDBF /* first.png in Resources */ = {isa = PBXBuildFile; fileRef = 4E14FEA217449F1A0036DDBF /* first.png */; };
		4E14FEA517449F1A0036DDBF /* first@2x.png in Resources */ = {isa = PBXBuildFile; fileRef = 4E14FEA417449F1A0036DDBF /* first@2x.png */; };
		4E14FEA817449F1A0036DDBF /* HealtyMamaSecondViewController.m in Sources */ = {isa = PBXBuildFile; fileRef = 4E14FEA717449F1A0036DDBF /* HealtyMamaSecondViewController.m */; };
		4E14FEAA17449F1A0036DDBF /* second.png in Resources */ = {isa = PBXBuildFile; fileRef = 4E14FEA917449F1A0036DDBF /* second.png */; };
		4E14FEAC17449F1A0036DDBF /* second@2x.png in Resources */ = {isa = PBXBuildFile; fileRef = 4E14FEAB17449F1A0036DDBF /* second@2x.png */; };
		4E14FEB417449F1A0036DDBF /* SenTestingKit.framework in Frameworks */ = {isa = PBXBuildFile; fileRef = 4E14FEB317449F1A0036DDBF /* SenTestingKit.framework */; };
		4E14FEB517449F1A0036DDBF /* UIKit.framework in Frameworks */ = {isa = PBXBuildFile; fileRef = 4E14FE8117449F1A0036DDBF /* UIKit.framework */; };
		4E14FEB617449F1A0036DDBF /* Foundation.framework in Frameworks */ = {isa = PBXBuildFile; fileRef = 4E14FE8317449F1A0036DDBF /* Foundation.framework */; };
		4E14FEBE17449F1A0036DDBF /* InfoPlist.strings in Resources */ = {isa = PBXBuildFile; fileRef = 4E14FEBC17449F1A0036DDBF /* InfoPlist.strings */; };
		4E14FEC117449F1A0036DDBF /* HealthyMamaTests.m in Sources */ = {isa = PBXBuildFile; fileRef = 4E14FEC017449F1A0036DDBF /* HealthyMamaTests.m */; };
		4E1B92C91749CB5C0073E3B4 /* CoreData.framework in Frameworks */ = {isa = PBXBuildFile; fileRef = 4E1B92C81749CB5C0073E3B4 /* CoreData.framework */; };
		4E1B92CD1749CD6B0073E3B4 /* HealthyMama.xcdatamodeld in Sources */ = {isa = PBXBuildFile; fileRef = 4E1B92CB1749CD6B0073E3B4 /* HealthyMama.xcdatamodeld */; };
		4E3443871744A8AE0009D5BA /* HealtyMamaSettingsControllersViewController.m in Sources */ = {isa = PBXBuildFile; fileRef = 4E3443861744A8AE0009D5BA /* HealtyMamaSettingsControllersViewController.m */; };
		4E34438A1744AB210009D5BA /* HealtyMamaFoodJournalViewController.m in Sources */ = {isa = PBXBuildFile; fileRef = 4E3443891744AB210009D5BA /* HealtyMamaFoodJournalViewController.m */; };
		4EBD86BE174AF42B00CC1343 /* Mother.m in Sources */ = {isa = PBXBuildFile; fileRef = 4EBD86BD174AF42B00CC1343 /* Mother.m */; };
		4EBD86C2174AF8BE00CC1343 /* Mother+Extension.m in Sources */ = {isa = PBXBuildFile; fileRef = 4EBD86C1174AF8BE00CC1343 /* Mother+Extension.m */; };
/* End PBXBuildFile section */

/* Begin PBXContainerItemProxy section */
		4E14FEB717449F1A0036DDBF /* PBXContainerItemProxy */ = {
			isa = PBXContainerItemProxy;
			containerPortal = 4E14FE7417449F1A0036DDBF /* Project object */;
			proxyType = 1;
			remoteGlobalIDString = 4E14FE7C17449F1A0036DDBF;
			remoteInfo = HealthyMama;
		};
/* End PBXContainerItemProxy section */

/* Begin PBXFileReference section */
		4E14FE7D17449F1A0036DDBF /* HealthyMama.app */ = {isa = PBXFileReference; explicitFileType = wrapper.application; includeInIndex = 0; path = HealthyMama.app; sourceTree = BUILT_PRODUCTS_DIR; };
		4E14FE8117449F1A0036DDBF /* UIKit.framework */ = {isa = PBXFileReference; lastKnownFileType = wrapper.framework; name = UIKit.framework; path = System/Library/Frameworks/UIKit.framework; sourceTree = SDKROOT; };
		4E14FE8317449F1A0036DDBF /* Foundation.framework */ = {isa = PBXFileReference; lastKnownFileType = wrapper.framework; name = Foundation.framework; path = System/Library/Frameworks/Foundation.framework; sourceTree = SDKROOT; };
		4E14FE8517449F1A0036DDBF /* CoreGraphics.framework */ = {isa = PBXFileReference; lastKnownFileType = wrapper.framework; name = CoreGraphics.framework; path = System/Library/Frameworks/CoreGraphics.framework; sourceTree = SDKROOT; };
		4E14FE8917449F1A0036DDBF /* HealthyMama-Info.plist */ = {isa = PBXFileReference; lastKnownFileType = text.plist.xml; path = "HealthyMama-Info.plist"; sourceTree = "<group>"; };
		4E14FE8B17449F1A0036DDBF /* en */ = {isa = PBXFileReference; lastKnownFileType = text.plist.strings; name = en; path = en.lproj/InfoPlist.strings; sourceTree = "<group>"; };
		4E14FE8D17449F1A0036DDBF /* main.m */ = {isa = PBXFileReference; lastKnownFileType = sourcecode.c.objc; path = main.m; sourceTree = "<group>"; };
		4E14FE8F17449F1A0036DDBF /* HealthyMama-Prefix.pch */ = {isa = PBXFileReference; lastKnownFileType = sourcecode.c.h; path = "HealthyMama-Prefix.pch"; sourceTree = "<group>"; };
		4E14FE9017449F1A0036DDBF /* HealtyMamaAppDelegate.h */ = {isa = PBXFileReference; lastKnownFileType = sourcecode.c.h; path = HealtyMamaAppDelegate.h; sourceTree = "<group>"; };
		4E14FE9117449F1A0036DDBF /* HealtyMamaAppDelegate.m */ = {isa = PBXFileReference; lastKnownFileType = sourcecode.c.objc; path = HealtyMamaAppDelegate.m; sourceTree = "<group>"; };
		4E14FE9317449F1A0036DDBF /* Default.png */ = {isa = PBXFileReference; lastKnownFileType = image.png; path = Default.png; sourceTree = "<group>"; };
		4E14FE9517449F1A0036DDBF /* Default@2x.png */ = {isa = PBXFileReference; lastKnownFileType = image.png; path = "Default@2x.png"; sourceTree = "<group>"; };
		4E14FE9717449F1A0036DDBF /* Default-568h@2x.png */ = {isa = PBXFileReference; lastKnownFileType = image.png; path = "Default-568h@2x.png"; sourceTree = "<group>"; };
		4E14FE9A17449F1A0036DDBF /* en */ = {isa = PBXFileReference; lastKnownFileType = file.storyboard; name = en; path = en.lproj/MainStoryboard_iPhone.storyboard; sourceTree = "<group>"; };
		4E14FE9D17449F1A0036DDBF /* en */ = {isa = PBXFileReference; lastKnownFileType = file.storyboard; name = en; path = en.lproj/MainStoryboard_iPad.storyboard; sourceTree = "<group>"; };
		4E14FE9F17449F1A0036DDBF /* HealtyMamaFirstViewController.h */ = {isa = PBXFileReference; lastKnownFileType = sourcecode.c.h; path = HealtyMamaFirstViewController.h; sourceTree = "<group>"; };
		4E14FEA017449F1A0036DDBF /* HealtyMamaFirstViewController.m */ = {isa = PBXFileReference; lastKnownFileType = sourcecode.c.objc; path = HealtyMamaFirstViewController.m; sourceTree = "<group>"; };
		4E14FEA217449F1A0036DDBF /* first.png */ = {isa = PBXFileReference; lastKnownFileType = image.png; path = first.png; sourceTree = "<group>"; };
		4E14FEA417449F1A0036DDBF /* first@2x.png */ = {isa = PBXFileReference; lastKnownFileType = image.png; path = "first@2x.png"; sourceTree = "<group>"; };
		4E14FEA617449F1A0036DDBF /* HealtyMamaSecondViewController.h */ = {isa = PBXFileReference; lastKnownFileType = sourcecode.c.h; path = HealtyMamaSecondViewController.h; sourceTree = "<group>"; };
		4E14FEA717449F1A0036DDBF /* HealtyMamaSecondViewController.m */ = {isa = PBXFileReference; lastKnownFileType = sourcecode.c.objc; path = HealtyMamaSecondViewController.m; sourceTree = "<group>"; };
		4E14FEA917449F1A0036DDBF /* second.png */ = {isa = PBXFileReference; lastKnownFileType = image.png; path = second.png; sourceTree = "<group>"; };
		4E14FEAB17449F1A0036DDBF /* second@2x.png */ = {isa = PBXFileReference; lastKnownFileType = image.png; path = "second@2x.png"; sourceTree = "<group>"; };
		4E14FEB217449F1A0036DDBF /* HealthyMamaTests.octest */ = {isa = PBXFileReference; explicitFileType = wrapper.cfbundle; includeInIndex = 0; path = HealthyMamaTests.octest; sourceTree = BUILT_PRODUCTS_DIR; };
		4E14FEB317449F1A0036DDBF /* SenTestingKit.framework */ = {isa = PBXFileReference; lastKnownFileType = wrapper.framework; name = SenTestingKit.framework; path = Library/Frameworks/SenTestingKit.framework; sourceTree = DEVELOPER_DIR; };
		4E14FEBB17449F1A0036DDBF /* HealthyMamaTests-Info.plist */ = {isa = PBXFileReference; lastKnownFileType = text.plist.xml; path = "HealthyMamaTests-Info.plist"; sourceTree = "<group>"; };
		4E14FEBD17449F1A0036DDBF /* en */ = {isa = PBXFileReference; lastKnownFileType = text.plist.strings; name = en; path = en.lproj/InfoPlist.strings; sourceTree = "<group>"; };
		4E14FEBF17449F1A0036DDBF /* HealthyMamaTests.h */ = {isa = PBXFileReference; lastKnownFileType = sourcecode.c.h; path = HealthyMamaTests.h; sourceTree = "<group>"; };
		4E14FEC017449F1A0036DDBF /* HealthyMamaTests.m */ = {isa = PBXFileReference; lastKnownFileType = sourcecode.c.objc; path = HealthyMamaTests.m; sourceTree = "<group>"; };
		4E1B92C81749CB5C0073E3B4 /* CoreData.framework */ = {isa = PBXFileReference; lastKnownFileType = wrapper.framework; name = CoreData.framework; path = System/Library/Frameworks/CoreData.framework; sourceTree = SDKROOT; };
		4E1B92CC1749CD6B0073E3B4 /* HealthyMama.xcdatamodel */ = {isa = PBXFileReference; lastKnownFileType = wrapper.xcdatamodel; path = HealthyMama.xcdatamodel; sourceTree = "<group>"; };
		4E3443851744A8AE0009D5BA /* HealtyMamaSettingsControllersViewController.h */ = {isa = PBXFileReference; fileEncoding = 4; lastKnownFileType = sourcecode.c.h; path = HealtyMamaSettingsControllersViewController.h; sourceTree = "<group>"; };
		4E3443861744A8AE0009D5BA /* HealtyMamaSettingsControllersViewController.m */ = {isa = PBXFileReference; fileEncoding = 4; lastKnownFileType = sourcecode.c.objc; path = HealtyMamaSettingsControllersViewController.m; sourceTree = "<group>"; };
		4E3443881744AB210009D5BA /* HealtyMamaFoodJournalViewController.h */ = {isa = PBXFileReference; fileEncoding = 4; lastKnownFileType = sourcecode.c.h; path = HealtyMamaFoodJournalViewController.h; sourceTree = "<group>"; };
		4E3443891744AB210009D5BA /* HealtyMamaFoodJournalViewController.m */ = {isa = PBXFileReference; fileEncoding = 4; lastKnownFileType = sourcecode.c.objc; path = HealtyMamaFoodJournalViewController.m; sourceTree = "<group>"; };
		4EBD86BC174AF42B00CC1343 /* Mother.h */ = {isa = PBXFileReference; fileEncoding = 4; lastKnownFileType = sourcecode.c.h; path = Mother.h; sourceTree = "<group>"; };
		4EBD86BD174AF42B00CC1343 /* Mother.m */ = {isa = PBXFileReference; fileEncoding = 4; lastKnownFileType = sourcecode.c.objc; path = Mother.m; sourceTree = "<group>"; };
		4EBD86C0174AF8BE00CC1343 /* Mother+Extension.h */ = {isa = PBXFileReference; fileEncoding = 4; lastKnownFileType = sourcecode.c.h; path = "Mother+Extension.h"; sourceTree = "<group>"; };
		4EBD86C1174AF8BE00CC1343 /* Mother+Extension.m */ = {isa = PBXFileReference; fileEncoding = 4; lastKnownFileType = sourcecode.c.objc; path = "Mother+Extension.m"; sourceTree = "<group>"; };
/* End PBXFileReference section */

/* Begin PBXFrameworksBuildPhase section */
		4E14FE7A17449F1A0036DDBF /* Frameworks */ = {
			isa = PBXFrameworksBuildPhase;
			buildActionMask = 2147483647;
			files = (
				4E1B92C91749CB5C0073E3B4 /* CoreData.framework in Frameworks */,
				4E14FE8217449F1A0036DDBF /* UIKit.framework in Frameworks */,
				4E14FE8417449F1A0036DDBF /* Foundation.framework in Frameworks */,
				4E14FE8617449F1A0036DDBF /* CoreGraphics.framework in Frameworks */,
			);
			runOnlyForDeploymentPostprocessing = 0;
		};
		4E14FEAE17449F1A0036DDBF /* Frameworks */ = {
			isa = PBXFrameworksBuildPhase;
			buildActionMask = 2147483647;
			files = (
				4E14FEB417449F1A0036DDBF /* SenTestingKit.framework in Frameworks */,
				4E14FEB517449F1A0036DDBF /* UIKit.framework in Frameworks */,
				4E14FEB617449F1A0036DDBF /* Foundation.framework in Frameworks */,
			);
			runOnlyForDeploymentPostprocessing = 0;
		};
/* End PBXFrameworksBuildPhase section */

/* Begin PBXGroup section */
		4E14FE7217449F1A0036DDBF = {
			isa = PBXGroup;
			children = (
				4E1B92C81749CB5C0073E3B4 /* CoreData.framework */,
				4E14FE8717449F1A0036DDBF /* HealthyMama */,
				4E14FEB917449F1A0036DDBF /* HealthyMamaTests */,
				4E14FE8017449F1A0036DDBF /* Frameworks */,
				4E14FE7E17449F1A0036DDBF /* Products */,
			);
			sourceTree = "<group>";
		};
		4E14FE7E17449F1A0036DDBF /* Products */ = {
			isa = PBXGroup;
			children = (
				4E14FE7D17449F1A0036DDBF /* HealthyMama.app */,
				4E14FEB217449F1A0036DDBF /* HealthyMamaTests.octest */,
			);
			name = Products;
			sourceTree = "<group>";
		};
		4E14FE8017449F1A0036DDBF /* Frameworks */ = {
			isa = PBXGroup;
			children = (
				4E14FE8117449F1A0036DDBF /* UIKit.framework */,
				4E14FE8317449F1A0036DDBF /* Foundation.framework */,
				4E14FE8517449F1A0036DDBF /* CoreGraphics.framework */,
				4E14FEB317449F1A0036DDBF /* SenTestingKit.framework */,
			);
			name = Frameworks;
			sourceTree = "<group>";
		};
		4E14FE8717449F1A0036DDBF /* HealthyMama */ = {
			isa = PBXGroup;
			children = (
				4E14FE9917449F1A0036DDBF /* MainStoryboard_iPhone.storyboard */,
				4E14FE9C17449F1A0036DDBF /* MainStoryboard_iPad.storyboard */,
				4E14FE9F17449F1A0036DDBF /* HealtyMamaFirstViewController.h */,
				4E14FEA017449F1A0036DDBF /* HealtyMamaFirstViewController.m */,
				4E14FEA217449F1A0036DDBF /* first.png */,
				4E14FEA417449F1A0036DDBF /* first@2x.png */,
				4E14FEA617449F1A0036DDBF /* HealtyMamaSecondViewController.h */,
				4E14FEA717449F1A0036DDBF /* HealtyMamaSecondViewController.m */,
				4E14FEA917449F1A0036DDBF /* second.png */,
				4E14FEAB17449F1A0036DDBF /* second@2x.png */,
				4E14FE8817449F1A0036DDBF /* Supporting Files */,
				4E3443851744A8AE0009D5BA /* HealtyMamaSettingsControllersViewController.h */,
				4E3443861744A8AE0009D5BA /* HealtyMamaSettingsControllersViewController.m */,
				4E3443881744AB210009D5BA /* HealtyMamaFoodJournalViewController.h */,
				4E3443891744AB210009D5BA /* HealtyMamaFoodJournalViewController.m */,
				4E1B92CB1749CD6B0073E3B4 /* HealthyMama.xcdatamodeld */,
				4EBD86BC174AF42B00CC1343 /* Mother.h */,
				4EBD86BD174AF42B00CC1343 /* Mother.m */,
				4EBD86C0174AF8BE00CC1343 /* Mother+Extension.h */,
				4EBD86C1174AF8BE00CC1343 /* Mother+Extension.m */,
			);
			path = HealthyMama;
			sourceTree = "<group>";
		};
		4E14FE8817449F1A0036DDBF /* Supporting Files */ = {
			isa = PBXGroup;
			children = (
				4E14FE9017449F1A0036DDBF /* HealtyMamaAppDelegate.h */,
				4E14FE9117449F1A0036DDBF /* HealtyMamaAppDelegate.m */,
				4E14FE8917449F1A0036DDBF /* HealthyMama-Info.plist */,
				4E14FE8A17449F1A0036DDBF /* InfoPlist.strings */,
				4E14FE8D17449F1A0036DDBF /* main.m */,
				4E14FE8F17449F1A0036DDBF /* HealthyMama-Prefix.pch */,
				4E14FE9317449F1A0036DDBF /* Default.png */,
				4E14FE9517449F1A0036DDBF /* Default@2x.png */,
				4E14FE9717449F1A0036DDBF /* Default-568h@2x.png */,
			);
			name = "Supporting Files";
			sourceTree = "<group>";
		};
		4E14FEB917449F1A0036DDBF /* HealthyMamaTests */ = {
			isa = PBXGroup;
			children = (
				4E14FEBF17449F1A0036DDBF /* HealthyMamaTests.h */,
				4E14FEC017449F1A0036DDBF /* HealthyMamaTests.m */,
				4E14FEBA17449F1A0036DDBF /* Supporting Files */,
			);
			path = HealthyMamaTests;
			sourceTree = "<group>";
		};
		4E14FEBA17449F1A0036DDBF /* Supporting Files */ = {
			isa = PBXGroup;
			children = (
				4E14FEBB17449F1A0036DDBF /* HealthyMamaTests-Info.plist */,
				4E14FEBC17449F1A0036DDBF /* InfoPlist.strings */,
			);
			name = "Supporting Files";
			sourceTree = "<group>";
		};
/* End PBXGroup section */

/* Begin PBXNativeTarget section */
		4E14FE7C17449F1A0036DDBF /* HealthyMama */ = {
			isa = PBXNativeTarget;
			buildConfigurationList = 4E14FEC417449F1A0036DDBF /* Build configuration list for PBXNativeTarget "HealthyMama" */;
			buildPhases = (
				4E14FE7917449F1A0036DDBF /* Sources */,
				4E14FE7A17449F1A0036DDBF /* Frameworks */,
				4E14FE7B17449F1A0036DDBF /* Resources */,
			);
			buildRules = (
			);
			dependencies = (
			);
			name = HealthyMama;
			productName = HealthyMama;
			productReference = 4E14FE7D17449F1A0036DDBF /* HealthyMama.app */;
			productType = "com.apple.product-type.application";
		};
		4E14FEB117449F1A0036DDBF /* HealthyMamaTests */ = {
			isa = PBXNativeTarget;
			buildConfigurationList = 4E14FEC717449F1A0036DDBF /* Build configuration list for PBXNativeTarget "HealthyMamaTests" */;
			buildPhases = (
				4E14FEAD17449F1A0036DDBF /* Sources */,
				4E14FEAE17449F1A0036DDBF /* Frameworks */,
				4E14FEAF17449F1A0036DDBF /* Resources */,
				4E14FEB017449F1A0036DDBF /* ShellScript */,
			);
			buildRules = (
			);
			dependencies = (
				4E14FEB817449F1A0036DDBF /* PBXTargetDependency */,
			);
			name = HealthyMamaTests;
			productName = HealthyMamaTests;
			productReference = 4E14FEB217449F1A0036DDBF /* HealthyMamaTests.octest */;
			productType = "com.apple.product-type.bundle";
		};
/* End PBXNativeTarget section */

/* Begin PBXProject section */
		4E14FE7417449F1A0036DDBF /* Project object */ = {
			isa = PBXProject;
			attributes = {
				CLASSPREFIX = HealtyMama;
				LastUpgradeCheck = 0450;
				ORGANIZATIONNAME = "Pieter de Zwart";
			};
			buildConfigurationList = 4E14FE7717449F1A0036DDBF /* Build configuration list for PBXProject "HealthyMama" */;
			compatibilityVersion = "Xcode 3.2";
			developmentRegion = English;
			hasScannedForEncodings = 0;
			knownRegions = (
				en,
			);
			mainGroup = 4E14FE7217449F1A0036DDBF;
			productRefGroup = 4E14FE7E17449F1A0036DDBF /* Products */;
			projectDirPath = "";
			projectRoot = "";
			targets = (
				4E14FE7C17449F1A0036DDBF /* HealthyMama */,
				4E14FEB117449F1A0036DDBF /* HealthyMamaTests */,
			);
		};
/* End PBXProject section */

/* Begin PBXResourcesBuildPhase section */
		4E14FE7B17449F1A0036DDBF /* Resources */ = {
			isa = PBXResourcesBuildPhase;
			buildActionMask = 2147483647;
			files = (
				4E14FE8C17449F1A0036DDBF /* InfoPlist.strings in Resources */,
				4E14FE9417449F1A0036DDBF /* Default.png in Resources */,
				4E14FE9617449F1A0036DDBF /* Default@2x.png in Resources */,
				4E14FE9817449F1A0036DDBF /* Default-568h@2x.png in Resources */,
				4E14FE9B17449F1A0036DDBF /* MainStoryboard_iPhone.storyboard in Resources */,
				4E14FE9E17449F1A0036DDBF /* MainStoryboard_iPad.storyboard in Resources */,
				4E14FEA317449F1A0036DDBF /* first.png in Resources */,
				4E14FEA517449F1A0036DDBF /* first@2x.png in Resources */,
				4E14FEAA17449F1A0036DDBF /* second.png in Resources */,
				4E14FEAC17449F1A0036DDBF /* second@2x.png in Resources */,
			);
			runOnlyForDeploymentPostprocessing = 0;
		};
		4E14FEAF17449F1A0036DDBF /* Resources */ = {
			isa = PBXResourcesBuildPhase;
			buildActionMask = 2147483647;
			files = (
				4E14FEBE17449F1A0036DDBF /* InfoPlist.strings in Resources */,
			);
			runOnlyForDeploymentPostprocessing = 0;
		};
/* End PBXResourcesBuildPhase section */

/* Begin PBXShellScriptBuildPhase section */
		4E14FEB017449F1A0036DDBF /* ShellScript */ = {
			isa = PBXShellScriptBuildPhase;
			buildActionMask = 2147483647;
			files = (
			);
			inputPaths = (
			);
			outputPaths = (
			);
			runOnlyForDeploymentPostprocessing = 0;
			shellPath = /bin/sh;
			shellScript = "# Run the unit tests in this test bundle.\n\"${SYSTEM_DEVELOPER_DIR}/Tools/RunUnitTests\"\n";
		};
/* End PBXShellScriptBuildPhase section */

/* Begin PBXSourcesBuildPhase section */
		4E14FE7917449F1A0036DDBF /* Sources */ = {
			isa = PBXSourcesBuildPhase;
			buildActionMask = 2147483647;
			files = (
				4E14FE8E17449F1A0036DDBF /* main.m in Sources */,
				4E14FE9217449F1A0036DDBF /* HealtyMamaAppDelegate.m in Sources */,
				4E14FEA117449F1A0036DDBF /* HealtyMamaFirstViewController.m in Sources */,
				4E14FEA817449F1A0036DDBF /* HealtyMamaSecondViewController.m in Sources */,
				4E3443871744A8AE0009D5BA /* HealtyMamaSettingsControllersViewController.m in Sources */,
				4E34438A1744AB210009D5BA /* HealtyMamaFoodJournalViewController.m in Sources */,
				4E1B92CD1749CD6B0073E3B4 /* HealthyMama.xcdatamodeld in Sources */,
				4EBD86BE174AF42B00CC1343 /* Mother.m in Sources */,
				4EBD86C2174AF8BE00CC1343 /* Mother+Extension.m in Sources */,
			);
			runOnlyForDeploymentPostprocessing = 0;
		};
		4E14FEAD17449F1A0036DDBF /* Sources */ = {
			isa = PBXSourcesBuildPhase;
			buildActionMask = 2147483647;
			files = (
				4E14FEC117449F1A0036DDBF /* HealthyMamaTests.m in Sources */,
			);
			runOnlyForDeploymentPostprocessing = 0;
		};
/* End PBXSourcesBuildPhase section */

/* Begin PBXTargetDependency section */
		4E14FEB817449F1A0036DDBF /* PBXTargetDependency */ = {
			isa = PBXTargetDependency;
			target = 4E14FE7C17449F1A0036DDBF /* HealthyMama */;
			targetProxy = 4E14FEB717449F1A0036DDBF /* PBXContainerItemProxy */;
		};
/* End PBXTargetDependency section */

/* Begin PBXVariantGroup section */
		4E14FE8A17449F1A0036DDBF /* InfoPlist.strings */ = {
			isa = PBXVariantGroup;
			children = (
				4E14FE8B17449F1A0036DDBF /* en */,
			);
			name = InfoPlist.strings;
			sourceTree = "<group>";
		};
		4E14FE9917449F1A0036DDBF /* MainStoryboard_iPhone.storyboard */ = {
			isa = PBXVariantGroup;
			children = (
				4E14FE9A17449F1A0036DDBF /* en */,
			);
			name = MainStoryboard_iPhone.storyboard;
			sourceTree = "<group>";
		};
		4E14FE9C17449F1A0036DDBF /* MainStoryboard_iPad.storyboard */ = {
			isa = PBXVariantGroup;
			children = (
				4E14FE9D17449F1A0036DDBF /* en */,
			);
			name = MainStoryboard_iPad.storyboard;
			sourceTree = "<group>";
		};
		4E14FEBC17449F1A0036DDBF /* InfoPlist.strings */ = {
			isa = PBXVariantGroup;
			children = (
				4E14FEBD17449F1A0036DDBF /* en */,
			);
			name = InfoPlist.strings;
			sourceTree = "<group>";
		};
/* End PBXVariantGroup section */

/* Begin XCBuildConfiguration section */
		4E14FEC217449F1A0036DDBF /* Debug */ = {
			isa = XCBuildConfiguration;
			buildSettings = {
				ALWAYS_SEARCH_USER_PATHS = NO;
				CLANG_CXX_LANGUAGE_STANDARD = "gnu++0x";
				CLANG_CXX_LIBRARY = "libc++";
				CLANG_ENABLE_OBJC_ARC = YES;
				CLANG_WARN_EMPTY_BODY = YES;
				CLANG_WARN__DUPLICATE_METHOD_MATCH = YES;
				"CODE_SIGN_IDENTITY[sdk=iphoneos*]" = "iPhone Developer";
				COPY_PHASE_STRIP = NO;
				GCC_C_LANGUAGE_STANDARD = gnu99;
				GCC_DYNAMIC_NO_PIC = NO;
				GCC_OPTIMIZATION_LEVEL = 0;
				GCC_PREPROCESSOR_DEFINITIONS = (
					"DEBUG=1",
					"$(inherited)",
				);
				GCC_SYMBOLS_PRIVATE_EXTERN = NO;
				GCC_WARN_ABOUT_RETURN_TYPE = YES;
				GCC_WARN_UNINITIALIZED_AUTOS = YES;
				GCC_WARN_UNUSED_VARIABLE = YES;
				IPHONEOS_DEPLOYMENT_TARGET = 6.0;
				ONLY_ACTIVE_ARCH = YES;
				SDKROOT = iphoneos;
				TARGETED_DEVICE_FAMILY = "1,2";
			};
			name = Debug;
		};
		4E14FEC317449F1A0036DDBF /* Release */ = {
			isa = XCBuildConfiguration;
			buildSettings = {
				ALWAYS_SEARCH_USER_PATHS = NO;
				CLANG_CXX_LANGUAGE_STANDARD = "gnu++0x";
				CLANG_CXX_LIBRARY = "libc++";
				CLANG_ENABLE_OBJC_ARC = YES;
				CLANG_WARN_EMPTY_BODY = YES;
				CLANG_WARN__DUPLICATE_METHOD_MATCH = YES;
				"CODE_SIGN_IDENTITY[sdk=iphoneos*]" = "iPhone Developer";
				COPY_PHASE_STRIP = YES;
				GCC_C_LANGUAGE_STANDARD = gnu99;
				GCC_WARN_ABOUT_RETURN_TYPE = YES;
				GCC_WARN_UNINITIALIZED_AUTOS = YES;
				GCC_WARN_UNUSED_VARIABLE = YES;
				IPHONEOS_DEPLOYMENT_TARGET = 6.0;
				OTHER_CFLAGS = "-DNS_BLOCK_ASSERTIONS=1";
				SDKROOT = iphoneos;
				TARGETED_DEVICE_FAMILY = "1,2";
				VALIDATE_PRODUCT = YES;
			};
			name = Release;
		};
		4E14FEC517449F1A0036DDBF /* Debug */ = {
			isa = XCBuildConfiguration;
			buildSettings = {
				GCC_PRECOMPILE_PREFIX_HEADER = YES;
				GCC_PREFIX_HEADER = "HealthyMama/HealthyMama-Prefix.pch";
				INFOPLIST_FILE = "HealthyMama/HealthyMama-Info.plist";
				PRODUCT_NAME = "$(TARGET_NAME)";
				WRAPPER_EXTENSION = app;
			};
			name = Debug;
		};
		4E14FEC617449F1A0036DDBF /* Release */ = {
			isa = XCBuildConfiguration;
			buildSettings = {
				GCC_PRECOMPILE_PREFIX_HEADER = YES;
				GCC_PREFIX_HEADER = "HealthyMama/HealthyMama-Prefix.pch";
				INFOPLIST_FILE = "HealthyMama/HealthyMama-Info.plist";
				PRODUCT_NAME = "$(TARGET_NAME)";
				WRAPPER_EXTENSION = app;
			};
			name = Release;
		};
		4E14FEC817449F1A0036DDBF /* Debug */ = {
			isa = XCBuildConfiguration;
			buildSettings = {
				BUNDLE_LOADER = "$(BUILT_PRODUCTS_DIR)/HealthyMama.app/HealthyMama";
				FRAMEWORK_SEARCH_PATHS = (
					"\"$(SDKROOT)/Developer/Library/Frameworks\"",
					"\"$(DEVELOPER_LIBRARY_DIR)/Frameworks\"",
				);
				GCC_PRECOMPILE_PREFIX_HEADER = YES;
				GCC_PREFIX_HEADER = "HealthyMama/HealthyMama-Prefix.pch";
				INFOPLIST_FILE = "HealthyMamaTests/HealthyMamaTests-Info.plist";
				PRODUCT_NAME = "$(TARGET_NAME)";
				TEST_HOST = "$(BUNDLE_LOADER)";
				WRAPPER_EXTENSION = octest;
			};
			name = Debug;
		};
		4E14FEC917449F1A0036DDBF /* Release */ = {
			isa = XCBuildConfiguration;
			buildSettings = {
				BUNDLE_LOADER = "$(BUILT_PRODUCTS_DIR)/HealthyMama.app/HealthyMama";
				FRAMEWORK_SEARCH_PATHS = (
					"\"$(SDKROOT)/Developer/Library/Frameworks\"",
					"\"$(DEVELOPER_LIBRARY_DIR)/Frameworks\"",
				);
				GCC_PRECOMPILE_PREFIX_HEADER = YES;
				GCC_PREFIX_HEADER = "HealthyMama/HealthyMama-Prefix.pch";
				INFOPLIST_FILE = "HealthyMamaTests/HealthyMamaTests-Info.plist";
				PRODUCT_NAME = "$(TARGET_NAME)";
				TEST_HOST = "$(BUNDLE_LOADER)";
				WRAPPER_EXTENSION = octest;
			};
			name = Release;
		};
/* End XCBuildConfiguration section */

/* Begin XCConfigurationList section */
		4E14FE7717449F1A0036DDBF /* Build configuration list for PBXProject "HealthyMama" */ = {
			isa = XCConfigurationList;
			buildConfigurations = (
				4E14FEC217449F1A0036DDBF /* Debug */,
				4E14FEC317449F1A0036DDBF /* Release */,
			);
			defaultConfigurationIsVisible = 0;
			defaultConfigurationName = Release;
		};
		4E14FEC417449F1A0036DDBF /* Build configuration list for PBXNativeTarget "HealthyMama" */ = {
			isa = XCConfigurationList;
			buildConfigurations = (
				4E14FEC517449F1A0036DDBF /* Debug */,
				4E14FEC617449F1A0036DDBF /* Release */,
			);
			defaultConfigurationIsVisible = 0;
			defaultConfigurationName = Release;
		};
		4E14FEC717449F1A0036DDBF /* Build configuration list for PBXNativeTarget "HealthyMamaTests" */ = {
			isa = XCConfigurationList;
			buildConfigurations = (
				4E14FEC817449F1A0036DDBF /* Debug */,
				4E14FEC917449F1A0036DDBF /* Release */,
			);
			defaultConfigurationIsVisible = 0;
			defaultConfigurationName = Release;
		};
/* End XCConfigurationList section */

/* Begin XCVersionGroup section */
		4E1B92CB1749CD6B0073E3B4 /* HealthyMama.xcdatamodeld */ = {
			isa = XCVersionGroup;
			children = (
				4E1B92CC1749CD6B0073E3B4 /* HealthyMama.xcdatamodel */,
			);
			currentVersion = 4E1B92CC1749CD6B0073E3B4 /* HealthyMama.xcdatamodel */;
			path = HealthyMama.xcdatamodeld;
			sourceTree = "<group>";
			versionGroupType = wrapper.xcdatamodel;
		};
/* End XCVersionGroup section */
	};
	rootObject = 4E14FE7417449F1A0036DDBF /* Project object */;
}
